// !$*UTF8*$!
{
	archiveVersion = 1;
	classes = {
	};
	objectVersion = 50;
	objects = {

/* Begin PBXBuildFile section */
		974FA06F221213E8006381DD /* MapViewController.swift in Sources */ = {isa = PBXBuildFile; fileRef = 974FA06E221213E8006381DD /* MapViewController.swift */; };
		974FA07122121578006381DD /* MyTableViewCell.swift in Sources */ = {isa = PBXBuildFile; fileRef = 974FA07022121578006381DD /* MyTableViewCell.swift */; };
		97EA4B1A220CD32A00AB7612 /* AppDelegate.swift in Sources */ = {isa = PBXBuildFile; fileRef = 97EA4B19220CD32A00AB7612 /* AppDelegate.swift */; };
		97EA4B1C220CD32A00AB7612 /* ViewController.swift in Sources */ = {isa = PBXBuildFile; fileRef = 97EA4B1B220CD32A00AB7612 /* ViewController.swift */; };
		97EA4B1F220CD32A00AB7612 /* Main.storyboard in Resources */ = {isa = PBXBuildFile; fileRef = 97EA4B1D220CD32A00AB7612 /* Main.storyboard */; };
		97EA4B21220CD32B00AB7612 /* Assets.xcassets in Resources */ = {isa = PBXBuildFile; fileRef = 97EA4B20220CD32B00AB7612 /* Assets.xcassets */; };
		97EA4B24220CD32B00AB7612 /* LaunchScreen.storyboard in Resources */ = {isa = PBXBuildFile; fileRef = 97EA4B22220CD32B00AB7612 /* LaunchScreen.storyboard */; };
/* End PBXBuildFile section */

/* Begin PBXFileReference section */
		974FA06E221213E8006381DD /* MapViewController.swift */ = {isa = PBXFileReference; lastKnownFileType = sourcecode.swift; path = MapViewController.swift; sourceTree = "<group>"; };
		974FA07022121578006381DD /* MyTableViewCell.swift */ = {isa = PBXFileReference; lastKnownFileType = sourcecode.swift; path = MyTableViewCell.swift; sourceTree = "<group>"; };
		97EA4B16220CD32A00AB7612 /* RouteB.app */ = {isa = PBXFileReference; explicitFileType = wrapper.application; includeInIndex = 0; path = RouteB.app; sourceTree = BUILT_PRODUCTS_DIR; };
		97EA4B19220CD32A00AB7612 /* AppDelegate.swift */ = {isa = PBXFileReference; lastKnownFileType = sourcecode.swift; path = AppDelegate.swift; sourceTree = "<group>"; };
		97EA4B1B220CD32A00AB7612 /* ViewController.swift */ = {isa = PBXFileReference; lastKnownFileType = sourcecode.swift; path = ViewController.swift; sourceTree = "<group>"; };
		97EA4B1E220CD32A00AB7612 /* Base */ = {isa = PBXFileReference; lastKnownFileType = file.storyboard; name = Base; path = Base.lproj/Main.storyboard; sourceTree = "<group>"; };
		97EA4B20220CD32B00AB7612 /* Assets.xcassets */ = {isa = PBXFileReference; lastKnownFileType = folder.assetcatalog; path = Assets.xcassets; sourceTree = "<group>"; };
		97EA4B23220CD32B00AB7612 /* Base */ = {isa = PBXFileReference; lastKnownFileType = file.storyboard; name = Base; path = Base.lproj/LaunchScreen.storyboard; sourceTree = "<group>"; };
		97EA4B25220CD32C00AB7612 /* Info.plist */ = {isa = PBXFileReference; lastKnownFileType = text.plist.xml; path = Info.plist; sourceTree = "<group>"; };
/* End PBXFileReference section */

/* Begin PBXFrameworksBuildPhase section */
		97EA4B13220CD32A00AB7612 /* Frameworks */ = {
			isa = PBXFrameworksBuildPhase;
			buildActionMask = 2147483647;
			files = (
			);
			runOnlyForDeploymentPostprocessing = 0;
		};
/* End PBXFrameworksBuildPhase section */

/* Begin PBXGroup section */
		97EA4B0D220CD32A00AB7612 = {
			isa = PBXGroup;
			children = (
				97EA4B18220CD32A00AB7612 /* RouteB */,
				97EA4B17220CD32A00AB7612 /* Products */,
			);
			sourceTree = "<group>";
		};
		97EA4B17220CD32A00AB7612 /* Products */ = {
			isa = PBXGroup;
			children = (
				97EA4B16220CD32A00AB7612 /* RouteB.app */,
			);
			name = Products;
			sourceTree = "<group>";
		};
		97EA4B18220CD32A00AB7612 /* RouteB */ = {
			isa = PBXGroup;
			children = (
				97EA4B19220CD32A00AB7612 /* AppDelegate.swift */,
				97EA4B1B220CD32A00AB7612 /* ViewController.swift */,
				97EA4B1D220CD32A00AB7612 /* Main.storyboard */,
				974FA07022121578006381DD /* MyTableViewCell.swift */,
				974FA06E221213E8006381DD /* MapViewController.swift */,
				97EA4B20220CD32B00AB7612 /* Assets.xcassets */,
				97EA4B22220CD32B00AB7612 /* LaunchScreen.storyboard */,
				97EA4B25220CD32C00AB7612 /* Info.plist */,
			);
			path = RouteB;
			sourceTree = "<group>";
		};
/* End PBXGroup section */

/* Begin PBXNativeTarget section */
		97EA4B15220CD32A00AB7612 /* RouteB */ = {
			isa = PBXNativeTarget;
			buildConfigurationList = 97EA4B28220CD32C00AB7612 /* Build configuration list for PBXNativeTarget "RouteB" */;
			buildPhases = (
				97EA4B12220CD32A00AB7612 /* Sources */,
				97EA4B13220CD32A00AB7612 /* Frameworks */,
				97EA4B14220CD32A00AB7612 /* Resources */,
			);
			buildRules = (
			);
			dependencies = (
			);
			name = RouteB;
			productName = RouteB;
			productReference = 97EA4B16220CD32A00AB7612 /* RouteB.app */;
			productType = "com.apple.product-type.application";
		};
/* End PBXNativeTarget section */

/* Begin PBXProject section */
		97EA4B0E220CD32A00AB7612 /* Project object */ = {
			isa = PBXProject;
			attributes = {
				LastSwiftUpdateCheck = 1010;
				LastUpgradeCheck = 1010;
				ORGANIZATIONNAME = "Stephanie Ramirez";
				TargetAttributes = {
					97EA4B15220CD32A00AB7612 = {
						CreatedOnToolsVersion = 10.1;
					};
				};
			};
			buildConfigurationList = 97EA4B11220CD32A00AB7612 /* Build configuration list for PBXProject "RouteB" */;
			compatibilityVersion = "Xcode 9.3";
			developmentRegion = en;
			hasScannedForEncodings = 0;
			knownRegions = (
				en,
				Base,
			);
			mainGroup = 97EA4B0D220CD32A00AB7612;
			productRefGroup = 97EA4B17220CD32A00AB7612 /* Products */;
			projectDirPath = "";
			projectRoot = "";
			targets = (
				97EA4B15220CD32A00AB7612 /* RouteB */,
			);
		};
/* End PBXProject section */

/* Begin PBXResourcesBuildPhase section */
		97EA4B14220CD32A00AB7612 /* Resources */ = {
			isa = PBXResourcesBuildPhase;
			buildActionMask = 2147483647;
			files = (
				97EA4B24220CD32B00AB7612 /* LaunchScreen.storyboard in Resources */,
				97EA4B21220CD32B00AB7612 /* Assets.xcassets in Resources */,
				97EA4B1F220CD32A00AB7612 /* Main.storyboard in Resources */,
			);
			runOnlyForDeploymentPostprocessing = 0;
		};
/* End PBXResourcesBuildPhase section */

/* Begin PBXSourcesBuildPhase section */
		97EA4B12220CD32A00AB7612 /* Sources */ = {
			isa = PBXSourcesBuildPhase;
			buildActionMask = 2147483647;
			files = (
				97EA4B1C220CD32A00AB7612 /* ViewController.swift in Sources */,
				974FA07122121578006381DD /* MyTableViewCell.swift in Sources */,
				974FA06F221213E8006381DD /* MapViewController.swift in Sources */,
				97EA4B1A220CD32A00AB7612 /* AppDelegate.swift in Sources */,
			);
			runOnlyForDeploymentPostprocessing = 0;
		};
/* End PBXSourcesBuildPhase section */

/* Begin PBXVariantGroup section */
		97EA4B1D220CD32A00AB7612 /* Main.storyboard */ = {
			isa = PBXVariantGroup;
			children = (
				97EA4B1E220CD32A00AB7612 /* Base */,
			);
			name = Main.storyboard;
			sourceTree = "<group>";
		};
		97EA4B22220CD32B00AB7612 /* LaunchScreen.storyboard */ = {
			isa = PBXVariantGroup;
			children = (
				97EA4B23220CD32B00AB7612 /* Base */,
			);
			name = LaunchScreen.storyboard;
			sourceTree = "<group>";
		};
/* End PBXVariantGroup section */

/* Begin XCBuildConfiguration section */
		97EA4B26220CD32C00AB7612 /* Debug */ = {
			isa = XCBuildConfiguration;
			buildSettings = {
				ALWAYS_SEARCH_USER_PATHS = NO;
				CLANG_ANALYZER_NONNULL = YES;
				CLANG_ANALYZER_NUMBER_OBJECT_CONVERSION = YES_AGGRESSIVE;
				CLANG_CXX_LANGUAGE_STANDARD = "gnu++14";
				CLANG_CXX_LIBRARY = "libc++";
				CLANG_ENABLE_MODULES = YES;
				CLANG_ENABLE_OBJC_ARC = YES;
				CLANG_ENABLE_OBJC_WEAK = YES;
				CLANG_WARN_BLOCK_CAPTURE_AUTORELEASING = YES;
				CLANG_WARN_BOOL_CONVERSION = YES;
				CLANG_WARN_COMMA = YES;
				CLANG_WARN_CONSTANT_CONVERSION = YES;
				CLANG_WARN_DEPRECATED_OBJC_IMPLEMENTATIONS = YES;
				CLANG_WARN_DIRECT_OBJC_ISA_USAGE = YES_ERROR;
				CLANG_WARN_DOCUMENTATION_COMMENTS = YES;
				CLANG_WARN_EMPTY_BODY = YES;
				CLANG_WARN_ENUM_CONVERSION = YES;
				CLANG_WARN_INFINITE_RECURSION = YES;
				CLANG_WARN_INT_CONVERSION = YES;
				CLANG_WARN_NON_LITERAL_NULL_CONVERSION = YES;
				CLANG_WARN_OBJC_IMPLICIT_RETAIN_SELF = YES;
				CLANG_WARN_OBJC_LITERAL_CONVERSION = YES;
				CLANG_WARN_OBJC_ROOT_CLASS = YES_ERROR;
				CLANG_WARN_RANGE_LOOP_ANALYSIS = YES;
				CLANG_WARN_STRICT_PROTOTYPES = YES;
				CLANG_WARN_SUSPICIOUS_MOVE = YES;
				CLANG_WARN_UNGUARDED_AVAILABILITY = YES_AGGRESSIVE;
				CLANG_WARN_UNREACHABLE_CODE = YES;
				CLANG_WARN__DUPLICATE_METHOD_MATCH = YES;
				CODE_SIGN_IDENTITY = "iPhone Developer";
				COPY_PHASE_STRIP = NO;
				DEBUG_INFORMATION_FORMAT = dwarf;
				ENABLE_STRICT_OBJC_MSGSEND = YES;
				ENABLE_TESTABILITY = YES;
				GCC_C_LANGUAGE_STANDARD = gnu11;
				GCC_DYNAMIC_NO_PIC = NO;
				GCC_NO_COMMON_BLOCKS = YES;
				GCC_OPTIMIZATION_LEVEL = 0;
				GCC_PREPROCESSOR_DEFINITIONS = (
					"DEBUG=1",
					"$(inherited)",
				);
				GCC_WARN_64_TO_32_BIT_CONVERSION = YES;
				GCC_WARN_ABOUT_RETURN_TYPE = YES_ERROR;
				GCC_WARN_UNDECLARED_SELECTOR = YES;
				GCC_WARN_UNINITIALIZED_AUTOS = YES_AGGRESSIVE;
				GCC_WARN_UNUSED_FUNCTION = YES;
				GCC_WARN_UNUSED_VARIABLE = YES;
				IPHONEOS_DEPLOYMENT_TARGET = 12.1;
				MTL_ENABLE_DEBUG_INFO = INCLUDE_SOURCE;
				MTL_FAST_MATH = YES;
				ONLY_ACTIVE_ARCH = YES;
				SDKROOT = iphoneos;
				SWIFT_ACTIVE_COMPILATION_CONDITIONS = DEBUG;
				SWIFT_OPTIMIZATION_LEVEL = "-Onone";
			};
			name = Debug;
		};
		97EA4B27220CD32C00AB7612 /* Release */ = {
			isa = XCBuildConfiguration;
			buildSettings = {
				ALWAYS_SEARCH_USER_PATHS = NO;
				CLANG_ANALYZER_NONNULL = YES;
				CLANG_ANALYZER_NUMBER_OBJECT_CONVERSION = YES_AGGRESSIVE;
				CLANG_CXX_LANGUAGE_STANDARD = "gnu++14";
				CLANG_CXX_LIBRARY = "libc++";
				CLANG_ENABLE_MODULES = YES;
				CLANG_ENABLE_OBJC_ARC = YES;
				CLANG_ENABLE_OBJC_WEAK = YES;
				CLANG_WARN_BLOCK_CAPTURE_AUTORELEASING = YES;
				CLANG_WARN_BOOL_CONVERSION = YES;
				CLANG_WARN_COMMA = YES;
				CLANG_WARN_CONSTANT_CONVERSION = YES;
				CLANG_WARN_DEPRECATED_OBJC_IMPLEMENTATIONS = YES;
				CLANG_WARN_DIRECT_OBJC_ISA_USAGE = YES_ERROR;
				CLANG_WARN_DOCUMENTATION_COMMENTS = YES;
				CLANG_WARN_EMPTY_BODY = YES;
				CLANG_WARN_ENUM_CONVERSION = YES;
				CLANG_WARN_INFINITE_RECURSION = YES;
				CLANG_WARN_INT_CONVERSION = YES;
				CLANG_WARN_NON_LITERAL_NULL_CONVERSION = YES;
				CLANG_WARN_OBJC_IMPLICIT_RETAIN_SELF = YES;
				CLANG_WARN_OBJC_LITERAL_CONVERSION = YES;
				CLANG_WARN_OBJC_ROOT_CLASS = YES_ERROR;
				CLANG_WARN_RANGE_LOOP_ANALYSIS = YES;
				CLANG_WARN_STRICT_PROTOTYPES = YES;
				CLANG_WARN_SUSPICIOUS_MOVE = YES;
				CLANG_WARN_UNGUARDED_AVAILABILITY = YES_AGGRESSIVE;
				CLANG_WARN_UNREACHABLE_CODE = YES;
				CLANG_WARN__DUPLICATE_METHOD_MATCH = YES;
				CODE_SIGN_IDENTITY = "iPhone Developer";
				COPY_PHASE_STRIP = NO;
				DEBUG_INFORMATION_FORMAT = "dwarf-with-dsym";
				ENABLE_NS_ASSERTIONS = NO;
				ENABLE_STRICT_OBJC_MSGSEND = YES;
				GCC_C_LANGUAGE_STANDARD = gnu11;
				GCC_NO_COMMON_BLOCKS = YES;
				GCC_WARN_64_TO_32_BIT_CONVERSION = YES;
				GCC_WARN_ABOUT_RETURN_TYPE = YES_ERROR;
				GCC_WARN_UNDECLARED_SELECTOR = YES;
				GCC_WARN_UNINITIALIZED_AUTOS = YES_AGGRESSIVE;
				GCC_WARN_UNUSED_FUNCTION = YES;
				GCC_WARN_UNUSED_VARIABLE = YES;
				IPHONEOS_DEPLOYMENT_TARGET = 12.1;
				MTL_ENABLE_DEBUG_INFO = NO;
				MTL_FAST_MATH = YES;
				SDKROOT = iphoneos;
				SWIFT_COMPILATION_MODE = wholemodule;
				SWIFT_OPTIMIZATION_LEVEL = "-O";
				VALIDATE_PRODUCT = YES;
			};
			name = Release;
		};
		97EA4B29220CD32C00AB7612 /* Debug */ = {
			isa = XCBuildConfiguration;
			buildSettings = {
				ASSETCATALOG_COMPILER_APPICON_NAME = AppIcon;
				CODE_SIGN_STYLE = Automatic;
				DEVELOPMENT_TEAM = FSUP887MQU;
				INFOPLIST_FILE = RouteB/Info.plist;
				LD_RUNPATH_SEARCH_PATHS = (
					"$(inherited)",
					"@executable_path/Frameworks",
				);
				PRODUCT_BUNDLE_IDENTIFIER = "Pursuit-Unit-2.RouteB";
				PRODUCT_NAME = "$(TARGET_NAME)";
				SWIFT_VERSION = 4.2;
				TARGETED_DEVICE_FAMILY = "1,2";
			};
			name = Debug;
		};
		97EA4B2A220CD32C00AB7612 /* Release */ = {
			isa = XCBuildConfiguration;
			buildSettings = {
				ASSETCATALOG_COMPILER_APPICON_NAME = AppIcon;
				CODE_SIGN_STYLE = Automatic;
				DEVELOPMENT_TEAM = FSUP887MQU;
				INFOPLIST_FILE = RouteB/Info.plist;
				LD_RUNPATH_SEARCH_PATHS = (
					"$(inherited)",
					"@executable_path/Frameworks",
				);
				PRODUCT_BUNDLE_IDENTIFIER = "Pursuit-Unit-2.RouteB";
				PRODUCT_NAME = "$(TARGET_NAME)";
				SWIFT_VERSION = 4.2;
				TARGETED_DEVICE_FAMILY = "1,2";
			};
			name = Release;
		};
/* End XCBuildConfiguration section */

/* Begin XCConfigurationList section */
		97EA4B11220CD32A00AB7612 /* Build configuration list for PBXProject "RouteB" */ = {
			isa = XCConfigurationList;
			buildConfigurations = (
				97EA4B26220CD32C00AB7612 /* Debug */,
				97EA4B27220CD32C00AB7612 /* Release */,
			);
			defaultConfigurationIsVisible = 0;
			defaultConfigurationName = Release;
		};
		97EA4B28220CD32C00AB7612 /* Build configuration list for PBXNativeTarget "RouteB" */ = {
			isa = XCConfigurationList;
			buildConfigurations = (
				97EA4B29220CD32C00AB7612 /* Debug */,
				97EA4B2A220CD32C00AB7612 /* Release */,
			);
			defaultConfigurationIsVisible = 0;
			defaultConfigurationName = Release;
		};
/* End XCConfigurationList section */
	};
	rootObject = 97EA4B0E220CD32A00AB7612 /* Project object */;
}
